
Microsoft Visual Studio Solution File, Format Version 12.00
# Visual Studio Version 17
VisualStudioVersion = 17.3.32825.248
MinimumVisualStudioVersion = 10.0.40219.1
Project("{54A90642-561A-4BB1-A94E-469ADEE60C69}") = "reactproject1", "reactproject1\reactproject1.esproj", "{0443A952-B146-42BE-A413-A87B8670E8CA}"
EndProject
Project("{9A19103F-16F7-4668-BE54-9A1E7A4F7556}") = "WebApplication2", "WebApplication2\WebApplication2.csproj", "{9BC3E861-85E0-44EC-86FF-6140678A782E}"
EndProject
Project("{9A19103F-16F7-4668-BE54-9A1E7A4F7556}") = "3MTechTests", "3MTechTests\3MTechTests.csproj", "{5C7F4DE8-A51D-455E-A6AF-8399DD4C8C40}"
EndProject
Global
	GlobalSection(SolutionConfigurationPlatforms) = preSolution
		Debug|Any CPU = Debug|Any CPU
		Release|Any CPU = Release|Any CPU
	EndGlobalSection
	GlobalSection(ProjectConfigurationPlatforms) = postSolution
		{0443A952-B146-42BE-A413-A87B8670E8CA}.Debug|Any CPU.ActiveCfg = Debug|Any CPU
		{0443A952-B146-42BE-A413-A87B8670E8CA}.Debug|Any CPU.Build.0 = Debug|Any CPU
		{0443A952-B146-42BE-A413-A87B8670E8CA}.Debug|Any CPU.Deploy.0 = Debug|Any CPU
		{0443A952-B146-42BE-A413-A87B8670E8CA}.Release|Any CPU.ActiveCfg = Release|Any CPU
		{0443A952-B146-42BE-A413-A87B8670E8CA}.Release|Any CPU.Build.0 = Release|Any CPU
		{0443A952-B146-42BE-A413-A87B8670E8CA}.Release|Any CPU.Deploy.0 = Release|Any CPU
		{9BC3E861-85E0-44EC-86FF-6140678A782E}.Debug|Any CPU.ActiveCfg = Debug|Any CPU
		{9BC3E861-85E0-44EC-86FF-6140678A782E}.Debug|Any CPU.Build.0 = Debug|Any CPU
		{9BC3E861-85E0-44EC-86FF-6140678A782E}.Release|Any CPU.ActiveCfg = Release|Any CPU
		{9BC3E861-85E0-44EC-86FF-6140678A782E}.Release|Any CPU.Build.0 = Release|Any CPU
		{5C7F4DE8-A51D-455E-A6AF-8399DD4C8C40}.Debug|Any CPU.ActiveCfg = Debug|Any CPU
		{5C7F4DE8-A51D-455E-A6AF-8399DD4C8C40}.Debug|Any CPU.Build.0 = Debug|Any CPU
		{5C7F4DE8-A51D-455E-A6AF-8399DD4C8C40}.Release|Any CPU.ActiveCfg = Release|Any CPU
		{5C7F4DE8-A51D-455E-A6AF-8399DD4C8C40}.Release|Any CPU.Build.0 = Release|Any CPU
	EndGlobalSection
	GlobalSection(SolutionProperties) = preSolution
		HideSolutionNode = FALSE
	EndGlobalSection
	GlobalSection(ExtensibilityGlobals) = postSolution
		SolutionGuid = {3725AE56-41BB-4A6C-A0E9-33AEC0C4ED9C}
	EndGlobalSection
EndGlobal
